// !$*UTF8*$!
{
	archiveVersion = 1;
	classes = {
	};
	objectVersion = 50;
	objects = {

/* Begin PBXBuildFile section */
		44047895234D4E430033F3AF /* GeometryRenderFirstView.swift in Sources */ = {isa = PBXBuildFile; fileRef = 44047894234D4E430033F3AF /* GeometryRenderFirstView.swift */; };
		443E913323452CF800E8FBF6 /* AppDelegate.swift in Sources */ = {isa = PBXBuildFile; fileRef = 443E913223452CF800E8FBF6 /* AppDelegate.swift */; };
		443E913523452CF800E8FBF6 /* SceneDelegate.swift in Sources */ = {isa = PBXBuildFile; fileRef = 443E913423452CF800E8FBF6 /* SceneDelegate.swift */; };
		443E913723452CF800E8FBF6 /* ContentView.swift in Sources */ = {isa = PBXBuildFile; fileRef = 443E913623452CF800E8FBF6 /* ContentView.swift */; };
		443E913923452CFC00E8FBF6 /* Assets.xcassets in Resources */ = {isa = PBXBuildFile; fileRef = 443E913823452CFC00E8FBF6 /* Assets.xcassets */; };
		443E913C23452CFC00E8FBF6 /* Preview Assets.xcassets in Resources */ = {isa = PBXBuildFile; fileRef = 443E913B23452CFC00E8FBF6 /* Preview Assets.xcassets */; };
		443E913F23452CFC00E8FBF6 /* LaunchScreen.storyboard in Resources */ = {isa = PBXBuildFile; fileRef = 443E913D23452CFC00E8FBF6 /* LaunchScreen.storyboard */; };
		443E914A23452CFC00E8FBF6 /* SwiftUISandboxTests.swift in Sources */ = {isa = PBXBuildFile; fileRef = 443E914923452CFC00E8FBF6 /* SwiftUISandboxTests.swift */; };
		443E915523452CFC00E8FBF6 /* SwiftUISandboxUITests.swift in Sources */ = {isa = PBXBuildFile; fileRef = 443E915423452CFC00E8FBF6 /* SwiftUISandboxUITests.swift */; };
		443E916423452E1F00E8FBF6 /* InitializeStateView.swift in Sources */ = {isa = PBXBuildFile; fileRef = 443E916323452E1F00E8FBF6 /* InitializeStateView.swift */; };
		443E916623452EE300E8FBF6 /* InitializeState2View.swift in Sources */ = {isa = PBXBuildFile; fileRef = 443E916523452EE300E8FBF6 /* InitializeState2View.swift */; };
		443E9168234530ED00E8FBF6 /* NoneInitializeState.swift in Sources */ = {isa = PBXBuildFile; fileRef = 443E9167234530ED00E8FBF6 /* NoneInitializeState.swift */; };
		B986FFDE234D8A970088377A /* ScrollViewRemoveSpace.swift in Sources */ = {isa = PBXBuildFile; fileRef = B986FFDD234D8A970088377A /* ScrollViewRemoveSpace.swift */; };
		B9B85BB3234C668F008EF2A8 /* StateAnotationView.swift in Sources */ = {isa = PBXBuildFile; fileRef = B9B85BB2234C668F008EF2A8 /* StateAnotationView.swift */; };
		B9B85BB5234C6935008EF2A8 /* GeometryRenderSamplesView.swift in Sources */ = {isa = PBXBuildFile; fileRef = B9B85BB4234C6935008EF2A8 /* GeometryRenderSamplesView.swift */; };
/* End PBXBuildFile section */

/* Begin PBXContainerItemProxy section */
		443E914623452CFC00E8FBF6 /* PBXContainerItemProxy */ = {
			isa = PBXContainerItemProxy;
			containerPortal = 443E912723452CF800E8FBF6 /* Project object */;
			proxyType = 1;
			remoteGlobalIDString = 443E912E23452CF800E8FBF6;
			remoteInfo = SwiftUISandbox;
		};
		443E915123452CFC00E8FBF6 /* PBXContainerItemProxy */ = {
			isa = PBXContainerItemProxy;
			containerPortal = 443E912723452CF800E8FBF6 /* Project object */;
			proxyType = 1;
			remoteGlobalIDString = 443E912E23452CF800E8FBF6;
			remoteInfo = SwiftUISandbox;
		};
/* End PBXContainerItemProxy section */

/* Begin PBXFileReference section */
		44047894234D4E430033F3AF /* GeometryRenderFirstView.swift */ = {isa = PBXFileReference; lastKnownFileType = sourcecode.swift; path = GeometryRenderFirstView.swift; sourceTree = "<group>"; };
		443E912F23452CF800E8FBF6 /* SwiftUISandbox.app */ = {isa = PBXFileReference; explicitFileType = wrapper.application; includeInIndex = 0; path = SwiftUISandbox.app; sourceTree = BUILT_PRODUCTS_DIR; };
		443E913223452CF800E8FBF6 /* AppDelegate.swift */ = {isa = PBXFileReference; lastKnownFileType = sourcecode.swift; path = AppDelegate.swift; sourceTree = "<group>"; };
		443E913423452CF800E8FBF6 /* SceneDelegate.swift */ = {isa = PBXFileReference; lastKnownFileType = sourcecode.swift; path = SceneDelegate.swift; sourceTree = "<group>"; };
		443E913623452CF800E8FBF6 /* ContentView.swift */ = {isa = PBXFileReference; lastKnownFileType = sourcecode.swift; path = ContentView.swift; sourceTree = "<group>"; };
		443E913823452CFC00E8FBF6 /* Assets.xcassets */ = {isa = PBXFileReference; lastKnownFileType = folder.assetcatalog; path = Assets.xcassets; sourceTree = "<group>"; };
		443E913B23452CFC00E8FBF6 /* Preview Assets.xcassets */ = {isa = PBXFileReference; lastKnownFileType = folder.assetcatalog; path = "Preview Assets.xcassets"; sourceTree = "<group>"; };
		443E913E23452CFC00E8FBF6 /* Base */ = {isa = PBXFileReference; lastKnownFileType = file.storyboard; name = Base; path = Base.lproj/LaunchScreen.storyboard; sourceTree = "<group>"; };
		443E914023452CFC00E8FBF6 /* Info.plist */ = {isa = PBXFileReference; lastKnownFileType = text.plist.xml; path = Info.plist; sourceTree = "<group>"; };
		443E914523452CFC00E8FBF6 /* SwiftUISandboxTests.xctest */ = {isa = PBXFileReference; explicitFileType = wrapper.cfbundle; includeInIndex = 0; path = SwiftUISandboxTests.xctest; sourceTree = BUILT_PRODUCTS_DIR; };
		443E914923452CFC00E8FBF6 /* SwiftUISandboxTests.swift */ = {isa = PBXFileReference; lastKnownFileType = sourcecode.swift; path = SwiftUISandboxTests.swift; sourceTree = "<group>"; };
		443E914B23452CFC00E8FBF6 /* Info.plist */ = {isa = PBXFileReference; lastKnownFileType = text.plist.xml; path = Info.plist; sourceTree = "<group>"; };
		443E915023452CFC00E8FBF6 /* SwiftUISandboxUITests.xctest */ = {isa = PBXFileReference; explicitFileType = wrapper.cfbundle; includeInIndex = 0; path = SwiftUISandboxUITests.xctest; sourceTree = BUILT_PRODUCTS_DIR; };
		443E915423452CFC00E8FBF6 /* SwiftUISandboxUITests.swift */ = {isa = PBXFileReference; lastKnownFileType = sourcecode.swift; path = SwiftUISandboxUITests.swift; sourceTree = "<group>"; };
		443E915623452CFC00E8FBF6 /* Info.plist */ = {isa = PBXFileReference; lastKnownFileType = text.plist.xml; path = Info.plist; sourceTree = "<group>"; };
		443E916323452E1F00E8FBF6 /* InitializeStateView.swift */ = {isa = PBXFileReference; lastKnownFileType = sourcecode.swift; path = InitializeStateView.swift; sourceTree = "<group>"; };
		443E916523452EE300E8FBF6 /* InitializeState2View.swift */ = {isa = PBXFileReference; lastKnownFileType = sourcecode.swift; path = InitializeState2View.swift; sourceTree = "<group>"; };
		443E9167234530ED00E8FBF6 /* NoneInitializeState.swift */ = {isa = PBXFileReference; lastKnownFileType = sourcecode.swift; path = NoneInitializeState.swift; sourceTree = "<group>"; };
		B986FFDD234D8A970088377A /* ScrollViewRemoveSpace.swift */ = {isa = PBXFileReference; lastKnownFileType = sourcecode.swift; path = ScrollViewRemoveSpace.swift; sourceTree = "<group>"; };
		B9B85BB2234C668F008EF2A8 /* StateAnotationView.swift */ = {isa = PBXFileReference; lastKnownFileType = sourcecode.swift; path = StateAnotationView.swift; sourceTree = "<group>"; };
		B9B85BB4234C6935008EF2A8 /* GeometryRenderSamplesView.swift */ = {isa = PBXFileReference; lastKnownFileType = sourcecode.swift; path = GeometryRenderSamplesView.swift; sourceTree = "<group>"; };
/* End PBXFileReference section */

/* Begin PBXFrameworksBuildPhase section */
		443E912C23452CF800E8FBF6 /* Frameworks */ = {
			isa = PBXFrameworksBuildPhase;
			buildActionMask = 2147483647;
			files = (
			);
			runOnlyForDeploymentPostprocessing = 0;
		};
		443E914223452CFC00E8FBF6 /* Frameworks */ = {
			isa = PBXFrameworksBuildPhase;
			buildActionMask = 2147483647;
			files = (
			);
			runOnlyForDeploymentPostprocessing = 0;
		};
		443E914D23452CFC00E8FBF6 /* Frameworks */ = {
			isa = PBXFrameworksBuildPhase;
			buildActionMask = 2147483647;
			files = (
			);
			runOnlyForDeploymentPostprocessing = 0;
		};
/* End PBXFrameworksBuildPhase section */

/* Begin PBXGroup section */
		443E912623452CF800E8FBF6 = {
			isa = PBXGroup;
			children = (
				443E913123452CF800E8FBF6 /* SwiftUISandbox */,
				443E914823452CFC00E8FBF6 /* SwiftUISandboxTests */,
				443E915323452CFC00E8FBF6 /* SwiftUISandboxUITests */,
				443E913023452CF800E8FBF6 /* Products */,
			);
			sourceTree = "<group>";
		};
		443E913023452CF800E8FBF6 /* Products */ = {
			isa = PBXGroup;
			children = (
				443E912F23452CF800E8FBF6 /* SwiftUISandbox.app */,
				443E914523452CFC00E8FBF6 /* SwiftUISandboxTests.xctest */,
				443E915023452CFC00E8FBF6 /* SwiftUISandboxUITests.xctest */,
			);
			name = Products;
			sourceTree = "<group>";
		};
		443E913123452CF800E8FBF6 /* SwiftUISandbox */ = {
			isa = PBXGroup;
			children = (
				B986FFDC234D8A7B0088377A /* ScrollView */,
				B9D617CF234C660300AF8DF9 /* GeometryReader */,
				443E916223452DD200E8FBF6 /* State */,
				443E913223452CF800E8FBF6 /* AppDelegate.swift */,
				443E913423452CF800E8FBF6 /* SceneDelegate.swift */,
				443E913623452CF800E8FBF6 /* ContentView.swift */,
				443E913823452CFC00E8FBF6 /* Assets.xcassets */,
				443E913D23452CFC00E8FBF6 /* LaunchScreen.storyboard */,
				443E914023452CFC00E8FBF6 /* Info.plist */,
				443E913A23452CFC00E8FBF6 /* Preview Content */,
			);
			path = SwiftUISandbox;
			sourceTree = "<group>";
		};
		443E913A23452CFC00E8FBF6 /* Preview Content */ = {
			isa = PBXGroup;
			children = (
				443E913B23452CFC00E8FBF6 /* Preview Assets.xcassets */,
			);
			path = "Preview Content";
			sourceTree = "<group>";
		};
		443E914823452CFC00E8FBF6 /* SwiftUISandboxTests */ = {
			isa = PBXGroup;
			children = (
				443E914923452CFC00E8FBF6 /* SwiftUISandboxTests.swift */,
				443E914B23452CFC00E8FBF6 /* Info.plist */,
			);
			path = SwiftUISandboxTests;
			sourceTree = "<group>";
		};
		443E915323452CFC00E8FBF6 /* SwiftUISandboxUITests */ = {
			isa = PBXGroup;
			children = (
				443E915423452CFC00E8FBF6 /* SwiftUISandboxUITests.swift */,
				443E915623452CFC00E8FBF6 /* Info.plist */,
			);
			path = SwiftUISandboxUITests;
			sourceTree = "<group>";
		};
		443E916223452DD200E8FBF6 /* State */ = {
			isa = PBXGroup;
			children = (
				443E9167234530ED00E8FBF6 /* NoneInitializeState.swift */,
				443E916323452E1F00E8FBF6 /* InitializeStateView.swift */,
				443E916523452EE300E8FBF6 /* InitializeState2View.swift */,
				B9B85BB2234C668F008EF2A8 /* StateAnotationView.swift */,
			);
			path = State;
			sourceTree = "<group>";
		};
		B986FFDC234D8A7B0088377A /* ScrollView */ = {
			isa = PBXGroup;
			children = (
				B986FFDD234D8A970088377A /* ScrollViewRemoveSpace.swift */,
			);
			path = ScrollView;
			sourceTree = "<group>";
		};
		B9D617CF234C660300AF8DF9 /* GeometryReader */ = {
			isa = PBXGroup;
			children = (
				B9B85BB4234C6935008EF2A8 /* GeometryRenderSamplesView.swift */,
				44047894234D4E430033F3AF /* GeometryRenderFirstView.swift */,
			);
			path = GeometryReader;
			sourceTree = "<group>";
		};
/* End PBXGroup section */

/* Begin PBXNativeTarget section */
		443E912E23452CF800E8FBF6 /* SwiftUISandbox */ = {
			isa = PBXNativeTarget;
			buildConfigurationList = 443E915923452CFC00E8FBF6 /* Build configuration list for PBXNativeTarget "SwiftUISandbox" */;
			buildPhases = (
				443E912B23452CF800E8FBF6 /* Sources */,
				443E912C23452CF800E8FBF6 /* Frameworks */,
				443E912D23452CF800E8FBF6 /* Resources */,
			);
			buildRules = (
			);
			dependencies = (
			);
			name = SwiftUISandbox;
			productName = SwiftUISandbox;
			productReference = 443E912F23452CF800E8FBF6 /* SwiftUISandbox.app */;
			productType = "com.apple.product-type.application";
		};
		443E914423452CFC00E8FBF6 /* SwiftUISandboxTests */ = {
			isa = PBXNativeTarget;
			buildConfigurationList = 443E915C23452CFC00E8FBF6 /* Build configuration list for PBXNativeTarget "SwiftUISandboxTests" */;
			buildPhases = (
				443E914123452CFC00E8FBF6 /* Sources */,
				443E914223452CFC00E8FBF6 /* Frameworks */,
				443E914323452CFC00E8FBF6 /* Resources */,
			);
			buildRules = (
			);
			dependencies = (
				443E914723452CFC00E8FBF6 /* PBXTargetDependency */,
			);
			name = SwiftUISandboxTests;
			productName = SwiftUISandboxTests;
			productReference = 443E914523452CFC00E8FBF6 /* SwiftUISandboxTests.xctest */;
			productType = "com.apple.product-type.bundle.unit-test";
		};
		443E914F23452CFC00E8FBF6 /* SwiftUISandboxUITests */ = {
			isa = PBXNativeTarget;
			buildConfigurationList = 443E915F23452CFC00E8FBF6 /* Build configuration list for PBXNativeTarget "SwiftUISandboxUITests" */;
			buildPhases = (
				443E914C23452CFC00E8FBF6 /* Sources */,
				443E914D23452CFC00E8FBF6 /* Frameworks */,
				443E914E23452CFC00E8FBF6 /* Resources */,
			);
			buildRules = (
			);
			dependencies = (
				443E915223452CFC00E8FBF6 /* PBXTargetDependency */,
			);
			name = SwiftUISandboxUITests;
			productName = SwiftUISandboxUITests;
			productReference = 443E915023452CFC00E8FBF6 /* SwiftUISandboxUITests.xctest */;
			productType = "com.apple.product-type.bundle.ui-testing";
		};
/* End PBXNativeTarget section */

/* Begin PBXProject section */
		443E912723452CF800E8FBF6 /* Project object */ = {
			isa = PBXProject;
			attributes = {
				LastSwiftUpdateCheck = 1100;
				LastUpgradeCheck = 1100;
				ORGANIZATIONNAME = "Masanao Imai";
				TargetAttributes = {
					443E912E23452CF800E8FBF6 = {
						CreatedOnToolsVersion = 11.0;
					};
					443E914423452CFC00E8FBF6 = {
						CreatedOnToolsVersion = 11.0;
						TestTargetID = 443E912E23452CF800E8FBF6;
					};
					443E914F23452CFC00E8FBF6 = {
						CreatedOnToolsVersion = 11.0;
						TestTargetID = 443E912E23452CF800E8FBF6;
					};
				};
			};
			buildConfigurationList = 443E912A23452CF800E8FBF6 /* Build configuration list for PBXProject "SwiftUISandbox" */;
			compatibilityVersion = "Xcode 9.3";
			developmentRegion = en;
			hasScannedForEncodings = 0;
			knownRegions = (
				en,
				Base,
			);
			mainGroup = 443E912623452CF800E8FBF6;
			productRefGroup = 443E913023452CF800E8FBF6 /* Products */;
			projectDirPath = "";
			projectRoot = "";
			targets = (
				443E912E23452CF800E8FBF6 /* SwiftUISandbox */,
				443E914423452CFC00E8FBF6 /* SwiftUISandboxTests */,
				443E914F23452CFC00E8FBF6 /* SwiftUISandboxUITests */,
			);
		};
/* End PBXProject section */

/* Begin PBXResourcesBuildPhase section */
		443E912D23452CF800E8FBF6 /* Resources */ = {
			isa = PBXResourcesBuildPhase;
			buildActionMask = 2147483647;
			files = (
				443E913F23452CFC00E8FBF6 /* LaunchScreen.storyboard in Resources */,
				443E913C23452CFC00E8FBF6 /* Preview Assets.xcassets in Resources */,
				443E913923452CFC00E8FBF6 /* Assets.xcassets in Resources */,
			);
			runOnlyForDeploymentPostprocessing = 0;
		};
		443E914323452CFC00E8FBF6 /* Resources */ = {
			isa = PBXResourcesBuildPhase;
			buildActionMask = 2147483647;
			files = (
			);
			runOnlyForDeploymentPostprocessing = 0;
		};
		443E914E23452CFC00E8FBF6 /* Resources */ = {
			isa = PBXResourcesBuildPhase;
			buildActionMask = 2147483647;
			files = (
			);
			runOnlyForDeploymentPostprocessing = 0;
		};
/* End PBXResourcesBuildPhase section */

/* Begin PBXSourcesBuildPhase section */
		443E912B23452CF800E8FBF6 /* Sources */ = {
			isa = PBXSourcesBuildPhase;
			buildActionMask = 2147483647;
			files = (
				B986FFDE234D8A970088377A /* ScrollViewRemoveSpace.swift in Sources */,
				443E913323452CF800E8FBF6 /* AppDelegate.swift in Sources */,
				443E916623452EE300E8FBF6 /* InitializeState2View.swift in Sources */,
				443E913523452CF800E8FBF6 /* SceneDelegate.swift in Sources */,
				443E916423452E1F00E8FBF6 /* InitializeStateView.swift in Sources */,
				B9B85BB3234C668F008EF2A8 /* StateAnotationView.swift in Sources */,
				44047895234D4E430033F3AF /* GeometryRenderFirstView.swift in Sources */,
				443E913723452CF800E8FBF6 /* ContentView.swift in Sources */,
				B9B85BB5234C6935008EF2A8 /* GeometryRenderSamplesView.swift in Sources */,
				443E9168234530ED00E8FBF6 /* NoneInitializeState.swift in Sources */,
			);
			runOnlyForDeploymentPostprocessing = 0;
		};
		443E914123452CFC00E8FBF6 /* Sources */ = {
			isa = PBXSourcesBuildPhase;
			buildActionMask = 2147483647;
			files = (
				443E914A23452CFC00E8FBF6 /* SwiftUISandboxTests.swift in Sources */,
			);
			runOnlyForDeploymentPostprocessing = 0;
		};
		443E914C23452CFC00E8FBF6 /* Sources */ = {
			isa = PBXSourcesBuildPhase;
			buildActionMask = 2147483647;
			files = (
				443E915523452CFC00E8FBF6 /* SwiftUISandboxUITests.swift in Sources */,
			);
			runOnlyForDeploymentPostprocessing = 0;
		};
/* End PBXSourcesBuildPhase section */

/* Begin PBXTargetDependency section */
		443E914723452CFC00E8FBF6 /* PBXTargetDependency */ = {
			isa = PBXTargetDependency;
			target = 443E912E23452CF800E8FBF6 /* SwiftUISandbox */;
			targetProxy = 443E914623452CFC00E8FBF6 /* PBXContainerItemProxy */;
		};
		443E915223452CFC00E8FBF6 /* PBXTargetDependency */ = {
			isa = PBXTargetDependency;
			target = 443E912E23452CF800E8FBF6 /* SwiftUISandbox */;
			targetProxy = 443E915123452CFC00E8FBF6 /* PBXContainerItemProxy */;
		};
/* End PBXTargetDependency section */

/* Begin PBXVariantGroup section */
		443E913D23452CFC00E8FBF6 /* LaunchScreen.storyboard */ = {
			isa = PBXVariantGroup;
			children = (
				443E913E23452CFC00E8FBF6 /* Base */,
			);
			name = LaunchScreen.storyboard;
			sourceTree = "<group>";
		};
/* End PBXVariantGroup section */

/* Begin XCBuildConfiguration section */
		443E915723452CFC00E8FBF6 /* Debug */ = {
			isa = XCBuildConfiguration;
			buildSettings = {
				ALWAYS_SEARCH_USER_PATHS = NO;
				CLANG_ANALYZER_NONNULL = YES;
				CLANG_ANALYZER_NUMBER_OBJECT_CONVERSION = YES_AGGRESSIVE;
				CLANG_CXX_LANGUAGE_STANDARD = "gnu++14";
				CLANG_CXX_LIBRARY = "libc++";
				CLANG_ENABLE_MODULES = YES;
				CLANG_ENABLE_OBJC_ARC = YES;
				CLANG_ENABLE_OBJC_WEAK = YES;
				CLANG_WARN_BLOCK_CAPTURE_AUTORELEASING = YES;
				CLANG_WARN_BOOL_CONVERSION = YES;
				CLANG_WARN_COMMA = YES;
				CLANG_WARN_CONSTANT_CONVERSION = YES;
				CLANG_WARN_DEPRECATED_OBJC_IMPLEMENTATIONS = YES;
				CLANG_WARN_DIRECT_OBJC_ISA_USAGE = YES_ERROR;
				CLANG_WARN_DOCUMENTATION_COMMENTS = YES;
				CLANG_WARN_EMPTY_BODY = YES;
				CLANG_WARN_ENUM_CONVERSION = YES;
				CLANG_WARN_INFINITE_RECURSION = YES;
				CLANG_WARN_INT_CONVERSION = YES;
				CLANG_WARN_NON_LITERAL_NULL_CONVERSION = YES;
				CLANG_WARN_OBJC_IMPLICIT_RETAIN_SELF = YES;
				CLANG_WARN_OBJC_LITERAL_CONVERSION = YES;
				CLANG_WARN_OBJC_ROOT_CLASS = YES_ERROR;
				CLANG_WARN_RANGE_LOOP_ANALYSIS = YES;
				CLANG_WARN_STRICT_PROTOTYPES = YES;
				CLANG_WARN_SUSPICIOUS_MOVE = YES;
				CLANG_WARN_UNGUARDED_AVAILABILITY = YES_AGGRESSIVE;
				CLANG_WARN_UNREACHABLE_CODE = YES;
				CLANG_WARN__DUPLICATE_METHOD_MATCH = YES;
				COPY_PHASE_STRIP = NO;
				DEBUG_INFORMATION_FORMAT = dwarf;
				ENABLE_STRICT_OBJC_MSGSEND = YES;
				ENABLE_TESTABILITY = YES;
				GCC_C_LANGUAGE_STANDARD = gnu11;
				GCC_DYNAMIC_NO_PIC = NO;
				GCC_NO_COMMON_BLOCKS = YES;
				GCC_OPTIMIZATION_LEVEL = 0;
				GCC_PREPROCESSOR_DEFINITIONS = (
					"DEBUG=1",
					"$(inherited)",
				);
				GCC_WARN_64_TO_32_BIT_CONVERSION = YES;
				GCC_WARN_ABOUT_RETURN_TYPE = YES_ERROR;
				GCC_WARN_UNDECLARED_SELECTOR = YES;
				GCC_WARN_UNINITIALIZED_AUTOS = YES_AGGRESSIVE;
				GCC_WARN_UNUSED_FUNCTION = YES;
				GCC_WARN_UNUSED_VARIABLE = YES;
				IPHONEOS_DEPLOYMENT_TARGET = 13.0;
				MTL_ENABLE_DEBUG_INFO = INCLUDE_SOURCE;
				MTL_FAST_MATH = YES;
				ONLY_ACTIVE_ARCH = YES;
				SDKROOT = iphoneos;
				SWIFT_ACTIVE_COMPILATION_CONDITIONS = DEBUG;
				SWIFT_OPTIMIZATION_LEVEL = "-Onone";
			};
			name = Debug;
		};
		443E915823452CFC00E8FBF6 /* Release */ = {
			isa = XCBuildConfiguration;
			buildSettings = {
				ALWAYS_SEARCH_USER_PATHS = NO;
				CLANG_ANALYZER_NONNULL = YES;
				CLANG_ANALYZER_NUMBER_OBJECT_CONVERSION = YES_AGGRESSIVE;
				CLANG_CXX_LANGUAGE_STANDARD = "gnu++14";
				CLANG_CXX_LIBRARY = "libc++";
				CLANG_ENABLE_MODULES = YES;
				CLANG_ENABLE_OBJC_ARC = YES;
				CLANG_ENABLE_OBJC_WEAK = YES;
				CLANG_WARN_BLOCK_CAPTURE_AUTORELEASING = YES;
				CLANG_WARN_BOOL_CONVERSION = YES;
				CLANG_WARN_COMMA = YES;
				CLANG_WARN_CONSTANT_CONVERSION = YES;
				CLANG_WARN_DEPRECATED_OBJC_IMPLEMENTATIONS = YES;
				CLANG_WARN_DIRECT_OBJC_ISA_USAGE = YES_ERROR;
				CLANG_WARN_DOCUMENTATION_COMMENTS = YES;
				CLANG_WARN_EMPTY_BODY = YES;
				CLANG_WARN_ENUM_CONVERSION = YES;
				CLANG_WARN_INFINITE_RECURSION = YES;
				CLANG_WARN_INT_CONVERSION = YES;
				CLANG_WARN_NON_LITERAL_NULL_CONVERSION = YES;
				CLANG_WARN_OBJC_IMPLICIT_RETAIN_SELF = YES;
				CLANG_WARN_OBJC_LITERAL_CONVERSION = YES;
				CLANG_WARN_OBJC_ROOT_CLASS = YES_ERROR;
				CLANG_WARN_RANGE_LOOP_ANALYSIS = YES;
				CLANG_WARN_STRICT_PROTOTYPES = YES;
				CLANG_WARN_SUSPICIOUS_MOVE = YES;
				CLANG_WARN_UNGUARDED_AVAILABILITY = YES_AGGRESSIVE;
				CLANG_WARN_UNREACHABLE_CODE = YES;
				CLANG_WARN__DUPLICATE_METHOD_MATCH = YES;
				COPY_PHASE_STRIP = NO;
				DEBUG_INFORMATION_FORMAT = "dwarf-with-dsym";
				ENABLE_NS_ASSERTIONS = NO;
				ENABLE_STRICT_OBJC_MSGSEND = YES;
				GCC_C_LANGUAGE_STANDARD = gnu11;
				GCC_NO_COMMON_BLOCKS = YES;
				GCC_WARN_64_TO_32_BIT_CONVERSION = YES;
				GCC_WARN_ABOUT_RETURN_TYPE = YES_ERROR;
				GCC_WARN_UNDECLARED_SELECTOR = YES;
				GCC_WARN_UNINITIALIZED_AUTOS = YES_AGGRESSIVE;
				GCC_WARN_UNUSED_FUNCTION = YES;
				GCC_WARN_UNUSED_VARIABLE = YES;
				IPHONEOS_DEPLOYMENT_TARGET = 13.0;
				MTL_ENABLE_DEBUG_INFO = NO;
				MTL_FAST_MATH = YES;
				SDKROOT = iphoneos;
				SWIFT_COMPILATION_MODE = wholemodule;
				SWIFT_OPTIMIZATION_LEVEL = "-O";
				VALIDATE_PRODUCT = YES;
			};
			name = Release;
		};
		443E915A23452CFC00E8FBF6 /* Debug */ = {
			isa = XCBuildConfiguration;
			buildSettings = {
				ASSETCATALOG_COMPILER_APPICON_NAME = AppIcon;
				CODE_SIGN_STYLE = Automatic;
				DEVELOPMENT_ASSET_PATHS = "\"SwiftUISandbox/Preview Content\"";
				ENABLE_PREVIEWS = YES;
				INFOPLIST_FILE = SwiftUISandbox/Info.plist;
				LD_RUNPATH_SEARCH_PATHS = (
					"$(inherited)",
					"@executable_path/Frameworks",
				);
				PRODUCT_BUNDLE_IDENTIFIER = "Masanao-Imai.SwiftUISandbox";
				PRODUCT_NAME = "$(TARGET_NAME)";
				SWIFT_VERSION = 5.0;
				TARGETED_DEVICE_FAMILY = "1,2";
			};
			name = Debug;
		};
		443E915B23452CFC00E8FBF6 /* Release */ = {
			isa = XCBuildConfiguration;
			buildSettings = {
				ASSETCATALOG_COMPILER_APPICON_NAME = AppIcon;
				CODE_SIGN_STYLE = Automatic;
				DEVELOPMENT_ASSET_PATHS = "\"SwiftUISandbox/Preview Content\"";
				ENABLE_PREVIEWS = YES;
				INFOPLIST_FILE = SwiftUISandbox/Info.plist;
				LD_RUNPATH_SEARCH_PATHS = (
					"$(inherited)",
					"@executable_path/Frameworks",
				);
				PRODUCT_BUNDLE_IDENTIFIER = "Masanao-Imai.SwiftUISandbox";
				PRODUCT_NAME = "$(TARGET_NAME)";
				SWIFT_VERSION = 5.0;
				TARGETED_DEVICE_FAMILY = "1,2";
			};
			name = Release;
		};
		443E915D23452CFC00E8FBF6 /* Debug */ = {
			isa = XCBuildConfiguration;
			buildSettings = {
				ALWAYS_EMBED_SWIFT_STANDARD_LIBRARIES = YES;
				BUNDLE_LOADER = "$(TEST_HOST)";
				CODE_SIGN_STYLE = Automatic;
				INFOPLIST_FILE = SwiftUISandboxTests/Info.plist;
				IPHONEOS_DEPLOYMENT_TARGET = 13.0;
				LD_RUNPATH_SEARCH_PATHS = (
					"$(inherited)",
					"@executable_path/Frameworks",
					"@loader_path/Frameworks",
				);
				PRODUCT_BUNDLE_IDENTIFIER = "Masanao-Imai.SwiftUISandboxTests";
				PRODUCT_NAME = "$(TARGET_NAME)";
				SWIFT_VERSION = 5.0;
				TARGETED_DEVICE_FAMILY = "1,2";
				TEST_HOST = "$(BUILT_PRODUCTS_DIR)/SwiftUISandbox.app/SwiftUISandbox";
			};
			name = Debug;
		};
		443E915E23452CFC00E8FBF6 /* Release */ = {
			isa = XCBuildConfiguration;
			buildSettings = {
				ALWAYS_EMBED_SWIFT_STANDARD_LIBRARIES = YES;
				BUNDLE_LOADER = "$(TEST_HOST)";
				CODE_SIGN_STYLE = Automatic;
				INFOPLIST_FILE = SwiftUISandboxTests/Info.plist;
				IPHONEOS_DEPLOYMENT_TARGET = 13.0;
				LD_RUNPATH_SEARCH_PATHS = (
					"$(inherited)",
					"@executable_path/Frameworks",
					"@loader_path/Frameworks",
				);
				PRODUCT_BUNDLE_IDENTIFIER = "Masanao-Imai.SwiftUISandboxTests";
				PRODUCT_NAME = "$(TARGET_NAME)";
				SWIFT_VERSION = 5.0;
				TARGETED_DEVICE_FAMILY = "1,2";
				TEST_HOST = "$(BUILT_PRODUCTS_DIR)/SwiftUISandbox.app/SwiftUISandbox";
			};
			name = Release;
		};
		443E916023452CFC00E8FBF6 /* Debug */ = {
			isa = XCBuildConfiguration;
			buildSettings = {
				ALWAYS_EMBED_SWIFT_STANDARD_LIBRARIES = YES;
				CODE_SIGN_STYLE = Automatic;
				INFOPLIST_FILE = SwiftUISandboxUITests/Info.plist;
				LD_RUNPATH_SEARCH_PATHS = (
					"$(inherited)",
					"@executable_path/Frameworks",
					"@loader_path/Frameworks",
				);
				PRODUCT_BUNDLE_IDENTIFIER = "Masanao-Imai.SwiftUISandboxUITests";
				PRODUCT_NAME = "$(TARGET_NAME)";
				SWIFT_VERSION = 5.0;
				TARGETED_DEVICE_FAMILY = "1,2";
				TEST_TARGET_NAME = SwiftUISandbox;
			};
			name = Debug;
		};
		443E916123452CFC00E8FBF6 /* Release */ = {
			isa = XCBuildConfiguration;
			buildSettings = {
				ALWAYS_EMBED_SWIFT_STANDARD_LIBRARIES = YES;
				CODE_SIGN_STYLE = Automatic;
				INFOPLIST_FILE = SwiftUISandboxUITests/Info.plist;
				LD_RUNPATH_SEARCH_PATHS = (
					"$(inherited)",
					"@executable_path/Frameworks",
					"@loader_path/Frameworks",
				);
				PRODUCT_BUNDLE_IDENTIFIER = "Masanao-Imai.SwiftUISandboxUITests";
				PRODUCT_NAME = "$(TARGET_NAME)";
				SWIFT_VERSION = 5.0;
				TARGETED_DEVICE_FAMILY = "1,2";
				TEST_TARGET_NAME = SwiftUISandbox;
			};
			name = Release;
		};
/* End XCBuildConfiguration section */

/* Begin XCConfigurationList section */
		443E912A23452CF800E8FBF6 /* Build configuration list for PBXProject "SwiftUISandbox" */ = {
			isa = XCConfigurationList;
			buildConfigurations = (
				443E915723452CFC00E8FBF6 /* Debug */,
				443E915823452CFC00E8FBF6 /* Release */,
			);
			defaultConfigurationIsVisible = 0;
			defaultConfigurationName = Release;
		};
		443E915923452CFC00E8FBF6 /* Build configuration list for PBXNativeTarget "SwiftUISandbox" */ = {
			isa = XCConfigurationList;
			buildConfigurations = (
				443E915A23452CFC00E8FBF6 /* Debug */,
				443E915B23452CFC00E8FBF6 /* Release */,
			);
			defaultConfigurationIsVisible = 0;
			defaultConfigurationName = Release;
		};
		443E915C23452CFC00E8FBF6 /* Build configuration list for PBXNativeTarget "SwiftUISandboxTests" */ = {
			isa = XCConfigurationList;
			buildConfigurations = (
				443E915D23452CFC00E8FBF6 /* Debug */,
				443E915E23452CFC00E8FBF6 /* Release */,
			);
			defaultConfigurationIsVisible = 0;
			defaultConfigurationName = Release;
		};
		443E915F23452CFC00E8FBF6 /* Build configuration list for PBXNativeTarget "SwiftUISandboxUITests" */ = {
			isa = XCConfigurationList;
			buildConfigurations = (
				443E916023452CFC00E8FBF6 /* Debug */,
				443E916123452CFC00E8FBF6 /* Release */,
			);
			defaultConfigurationIsVisible = 0;
			defaultConfigurationName = Release;
		};
/* End XCConfigurationList section */
	};
	rootObject = 443E912723452CF800E8FBF6 /* Project object */;
}
